# @generated - this file is auto-generated by `mise lock` https://mise.jdx.dev/dev-tools/mise-lock.html

[[tools."github:suzuki-shunsuke/pinact"]]
version = "4.1.1"
backend = "github:suzuki-shunsuke/pinact"

[tools."github:suzuki-shunsuke/pinact"."platforms.linux-arm64"]
checksum = "sha256:dd1f29908319ed3e59f9fe6b39196efbb76936357f3bd741cd759a96306ae8d8"
url = "https://github.com/suzuki-shunsuke/pinact/releases/download/v4.1.1/pinact_linux_arm64.tar.gz"
url_api = "https://api.github.com/repos/suzuki-shunsuke/pinact/releases/assets/494702261"
provenance = "github-attestations"

[tools."github:suzuki-shunsuke/pinact"."platforms.linux-arm64-musl"]
checksum = "sha256:dd1f29908319ed3e59f9fe6b39196efbb76936357f3bd741cd759a96306ae8d8"
url = "https://github.com/suzuki-shunsuke/pinact/releases/download/v4.1.1/pinact_linux_arm64.tar.gz"
url_api = "https://api.github.com/repos/suzuki-shunsuke/pinact/releases/assets/494702261"
provenance = "github-attestations"

[tools."github:suzuki-shunsuke/pinact"."platforms.linux-x64"]
checksum = "sha256:d1cffebe5704b74e2e5f8a864efb9f7e54768972dc686188c008033fb1797841"
url = "https://github.com/suzuki-shunsuke/pinact/releases/download/v4.1.1/pinact_linux_amd64.tar.gz"
url_api = "https://api.github.com/repos/suzuki-shunsuke/pinact/releases/assets/494702259"
provenance = "github-attestations"

[tools."github:suzuki-shunsuke/pinact"."platforms.linux-x64-musl"]
checksum = "sha256:d1cffebe5704b74e2e5f8a864efb9f7e54768972dc686188c008033fb1797841"
url = "https://github.com/suzuki-shunsuke/pinact/releases/download/v4.1.1/pinact_linux_amd64.tar.gz"
url_api = "https://api.github.com/repos/suzuki-shunsuke/pinact/releases/assets/494702259"
provenance = "github-attestations"

[tools."github:suzuki-shunsuke/pinact"."platforms.macos-arm64"]
checksum = "sha256:c13998c9f0dd09d8973700938aa5f6ac52a1db4e94d4f578d8cc976cda478614"
url = "https://github.com/suzuki-shunsuke/pinact/releases/download/v4.1.1/pinact_darwin_arm64.tar.gz"
url_api = "https://api.github.com/repos/suzuki-shunsuke/pinact/releases/assets/494702257"
provenance = "github-attestations"

[tools."github:suzuki-shunsuke/pinact"."platforms.macos-x64"]
checksum = "sha256:513678fdb0bb59b2742dd06d28f0ee851496a83ba939954009aa6be53f5aec9c"
url = "https://github.com/suzuki-shunsuke/pinact/releases/download/v4.1.1/pinact_darwin_amd64.tar.gz"
url_api = "https://api.github.com/repos/suzuki-shunsuke/pinact/releases/assets/494702250"
provenance = "github-attestations"

[tools."github:suzuki-shunsuke/pinact"."platforms.windows-x64"]
checksum = "sha256:88db480a3f8833d7233b482a72c97308df558ebceb0d3214775889239901f6a9"
url = "https://github.com/suzuki-shunsuke/pinact/releases/download/v4.1.1/pinact_windows_amd64.zip"
url_api = "https://api.github.com/repos/suzuki-shunsuke/pinact/releases/assets/494702288"
provenance = "github-attestations"

[[tools.node]]
version = "24.21.0"
backend = "core:node"

[tools.node."platforms.linux-arm64"]
checksum = "sha256:724282c3b43aec998aa9527380465b45d229e021b58035f5f4f63095eabfe5d5"
url = "https://nodejs.org/dist/v24.21.0/node-v24.21.0-linux-arm64.tar.gz"

[tools.node."platforms.linux-arm64-musl"]
checksum = "sha256:3048b0811e158ca0d8672b59c839861763e144492980d8d29b369dfee45747e4"
url = "https://unofficial-builds.nodejs.org/download/release/v24.21.0/node-v24.21.0-linux-arm64-musl.tar.gz"

[tools.node."platforms.linux-x64"]
checksum = "sha256:6e1db87ef58b8819e5d5402eff1536491b18edd8eb7bee5ef7897876e88dc5ff"
url = "https://nodejs.org/dist/v24.21.0/node-v24.21.0-linux-x64.tar.gz"

[tools.node."platforms.linux-x64-musl"]
checksum = "sha256:01a713e34da98e7b4d2a3191ee7ca3f93dd0384d1a2ef23c379b2161ee6e133a"
url = "https://unofficial-builds.nodejs.org/download/release/v24.21.0/node-v24.21.0-linux-x64-musl.tar.gz"

[tools.node."platforms.macos-arm64"]
checksum = "sha256:bed7eea5325e1108f32ce5228ddd6a5f0f08a499ee42aa7442aea583702f6057"
url = "https://nodejs.org/dist/v24.21.0/node-v24.21.0-darwin-arm64.tar.gz"

[tools.node."platforms.macos-x64"]
checksum = "sha256:1462cb3b3046b815cf8ea436d3da450ec1a9f11dac7e5a46b0ada5305d7e8097"
url = "https://nodejs.org/dist/v24.21.0/node-v24.21.0-darwin-x64.tar.gz"

[tools.node."platforms.windows-x64"]
checksum = "sha256:158f7685b44de51f6c0df1d153526cbcd3e1bc739a8dfc607721cef75de9e541"
url = "https://nodejs.org/dist/v24.21.0/node-v24.21.0-win-x64.zip"

[[tools.pnpm]]
version = "11.27.1"
backend = "aqua:pnpm/pnpm"

[tools.pnpm."platforms.linux-arm64"]
checksum = "sha256:dbf8f84263d2bc696306d4219be68256d881d9af409345374d878676a7edcf0c"
url = "https://github.com/pnpm/pnpm/releases/download/v11.27.1/pnpm-linux-arm64.tar.gz"
url_api = "https://api.github.com/repos/pnpm/pnpm/releases/assets/577602580"
provenance = "github-attestations"

[tools.pnpm."platforms.linux-arm64-musl"]
checksum = "sha256:7a7854e90bdb7d339430d9943ea482b34d7bde817cfc1c749d3c04ddd464142d"
url = "https://github.com/pnpm/pnpm/releases/download/v11.27.1/pnpm-linux-arm64-musl.tar.gz"
url_api = "https://api.github.com/repos/pnpm/pnpm/releases/assets/577602583"
provenance = "github-attestations"

[tools.pnpm."platforms.linux-x64"]
checksum = "sha256:6be1426540406747b7731564a46c5b30d3023ea6c19e4ce99f994c4ec122f3d2"
url = "https://github.com/pnpm/pnpm/releases/download/v11.27.1/pnpm-linux-x64.tar.gz"
url_api = "https://api.github.com/repos/pnpm/pnpm/releases/assets/577602576"
provenance = "github-attestations"

[tools.pnpm."platforms.linux-x64-musl"]
checksum = "sha256:cc66c1558a1a03b320ff5b4022f755386fa1de54db3f97ff624112015be1ccf1"
url = "https://github.com/pnpm/pnpm/releases/download/v11.27.1/pnpm-linux-x64-musl.tar.gz"
url_api = "https://api.github.com/repos/pnpm/pnpm/releases/assets/577602579"
provenance = "github-attestations"

[tools.pnpm."platforms.macos-arm64"]
checksum = "sha256:352f67ceaaa5aba294a53f483da93c376005b4c7e785fe5411e0ce720fe74741"
url = "https://github.com/pnpm/pnpm/releases/download/v11.27.1/pnpm-darwin-arm64.tar.gz"
url_api = "https://api.github.com/repos/pnpm/pnpm/releases/assets/577602575"
provenance = "github-attestations"

[tools.pnpm."platforms.windows-x64"]
checksum = "sha256:4b56d1184c3390b08146060fa4b414b8ceec9164aa41bf996e87a0f0bc135851"
url = "https://github.com/pnpm/pnpm/releases/download/v11.27.1/pnpm-win32-x64.zip"
url_api = "https://api.github.com/repos/pnpm/pnpm/releases/assets/577602578"
provenance = "github-attestations"

[[tools.terraform]]
version = "1.16.4"
backend = "aqua:hashicorp/terraform"

[tools.terraform."platforms.linux-arm64"]
checksum = "sha256:8263f301cb1a24489a4adeed147bf28504053f77237b3ea97a0ef2972659de30"
url = "https://releases.hashicorp.com/terraform/1.16.4/terraform_1.16.4_linux_arm64.zip"

[tools.terraform."platforms.linux-arm64-musl"]
checksum = "sha256:8263f301cb1a24489a4adeed147bf28504053f77237b3ea97a0ef2972659de30"
url = "https://releases.hashicorp.com/terraform/1.16.4/terraform_1.16.4_linux_arm64.zip"

[tools.terraform."platforms.linux-x64"]
checksum = "sha256:dc94af0eef1147718ad7c8daea792ed199e3e0492eec180d0adafa2a65a879df"
url = "https://releases.hashicorp.com/terraform/1.16.4/terraform_1.16.4_linux_amd64.zip"

[tools.terraform."platforms.linux-x64-musl"]
checksum = "sha256:dc94af0eef1147718ad7c8daea792ed199e3e0492eec180d0adafa2a65a879df"
url = "https://releases.hashicorp.com/terraform/1.16.4/terraform_1.16.4_linux_amd64.zip"

[tools.terraform."platforms.macos-arm64"]
checksum = "sha256:42cfdf97ad722f79085fe2279b06d4b8680172de3534b22eeddd9a0fbbe7b8f1"
url = "https://releases.hashicorp.com/terraform/1.16.4/terraform_1.16.4_darwin_arm64.zip"

[tools.terraform."platforms.macos-x64"]
checksum = "sha256:2ee4b62064086e4b24b0d6cf2e61718fbaf0556feba990f708a5e32557554b3b"
url = "https://releases.hashicorp.com/terraform/1.16.4/terraform_1.16.4_darwin_amd64.zip"

[tools.terraform."platforms.windows-x64"]
checksum = "sha256:5c736ed6b0f13e98bc5029fe159574cca33634c3477466c56442c28b513a7054"
url = "https://releases.hashicorp.com/terraform/1.16.4/terraform_1.16.4_windows_amd64.zip"

[[tools.tflint]]
version = "0.55.1"
backend = "aqua:terraform-linters/tflint"

[tools.tflint."platforms.linux-arm64"]
checksum = "sha256:3d5d6e1e749ae1d46c153dd6fac358cdfa76df475de8f2660a91ff531021f93b"
url = "https://github.com/terraform-linters/tflint/releases/download/v0.55.1/tflint_linux_arm64.zip"
url_api = "https://api.github.com/repos/terraform-linters/tflint/releases/assets/225436204"
provenance = "github-attestations"

[tools.tflint."platforms.linux-arm64-musl"]
checksum = "sha256:3d5d6e1e749ae1d46c153dd6fac358cdfa76df475de8f2660a91ff531021f93b"
url = "https://github.com/terraform-linters/tflint/releases/download/v0.55.1/tflint_linux_arm64.zip"
url_api = "https://api.github.com/repos/terraform-linters/tflint/releases/assets/225436204"
provenance = "github-attestations"

[tools.tflint."platforms.linux-x64"]
checksum = "sha256:53379f38bc1e86c18885bfc85dc5fe2cd1f59729ae9a2afa16905189c1d67aa9"
url = "https://github.com/terraform-linters/tflint/releases/download/v0.55.1/tflint_linux_amd64.zip"
url_api = "https://api.github.com/repos/terraform-linters/tflint/releases/assets/225436197"
provenance = "github-attestations"

[tools.tflint."platforms.linux-x64-musl"]
checksum = "sha256:53379f38bc1e86c18885bfc85dc5fe2cd1f59729ae9a2afa16905189c1d67aa9"
url = "https://github.com/terraform-linters/tflint/releases/download/v0.55.1/tflint_linux_amd64.zip"
url_api = "https://api.github.com/repos/terraform-linters/tflint/releases/assets/225436197"
provenance = "github-attestations"

[tools.tflint."platforms.macos-arm64"]
checksum = "sha256:e1f9f843a7bc4cf9631b30e7d65beda6fd5e8013daa91d3a35e23c606a360e50"
url = "https://github.com/terraform-linters/tflint/releases/download/v0.55.1/tflint_darwin_arm64.zip"
url_api = "https://api.github.com/repos/terraform-linters/tflint/releases/assets/225436201"
provenance = "github-attestations"

[tools.tflint."platforms.macos-x64"]
checksum = "sha256:98b1c04030f24b98398413a3a82a9646cd607a958d07576f0151773a6ded30fc"
url = "https://github.com/terraform-linters/tflint/releases/download/v0.55.1/tflint_darwin_amd64.zip"
url_api = "https://api.github.com/repos/terraform-linters/tflint/releases/assets/225436198"
provenance = "github-attestations"

[tools.tflint."platforms.windows-x64"]
checksum = "sha256:667e8333eed843298ba1fd1120776784c0dacc17de25e253bc8a67b03adbe87d"
url = "https://github.com/terraform-linters/tflint/releases/download/v0.55.1/tflint_windows_amd64.zip"
url_api = "https://api.github.com/repos/terraform-linters/tflint/releases/assets/225436196"
provenance = "github-attestations"
