# @generated - this file is auto-generated by `mise lock` https://mise.jdx.dev/dev-tools/mise-lock.html

[[tools."github:suzuki-shunsuke/pinact"]]
version = "4.1.1"
backend = "github:suzuki-shunsuke/pinact"

[tools."github:suzuki-shunsuke/pinact"."platforms.linux-arm64"]
checksum = "sha256:dd1f29908319ed3e59f9fe6b39196efbb76936357f3bd741cd759a96306ae8d8"
url = "https://github.com/suzuki-shunsuke/pinact/releases/download/v4.1.1/pinact_linux_arm64.tar.gz"
url_api = "https://api.github.com/repos/suzuki-shunsuke/pinact/releases/assets/494702261"
provenance = "github-attestations"

[tools."github:suzuki-shunsuke/pinact"."platforms.linux-arm64-musl"]
checksum = "sha256:dd1f29908319ed3e59f9fe6b39196efbb76936357f3bd741cd759a96306ae8d8"
url = "https://github.com/suzuki-shunsuke/pinact/releases/download/v4.1.1/pinact_linux_arm64.tar.gz"
url_api = "https://api.github.com/repos/suzuki-shunsuke/pinact/releases/assets/494702261"
provenance = "github-attestations"

[tools."github:suzuki-shunsuke/pinact"."platforms.linux-x64"]
checksum = "sha256:d1cffebe5704b74e2e5f8a864efb9f7e54768972dc686188c008033fb1797841"
url = "https://github.com/suzuki-shunsuke/pinact/releases/download/v4.1.1/pinact_linux_amd64.tar.gz"
url_api = "https://api.github.com/repos/suzuki-shunsuke/pinact/releases/assets/494702259"
provenance = "github-attestations"

[tools."github:suzuki-shunsuke/pinact"."platforms.linux-x64-musl"]
checksum = "sha256:d1cffebe5704b74e2e5f8a864efb9f7e54768972dc686188c008033fb1797841"
url = "https://github.com/suzuki-shunsuke/pinact/releases/download/v4.1.1/pinact_linux_amd64.tar.gz"
url_api = "https://api.github.com/repos/suzuki-shunsuke/pinact/releases/assets/494702259"
provenance = "github-attestations"

[tools."github:suzuki-shunsuke/pinact"."platforms.macos-arm64"]
checksum = "sha256:c13998c9f0dd09d8973700938aa5f6ac52a1db4e94d4f578d8cc976cda478614"
url = "https://github.com/suzuki-shunsuke/pinact/releases/download/v4.1.1/pinact_darwin_arm64.tar.gz"
url_api = "https://api.github.com/repos/suzuki-shunsuke/pinact/releases/assets/494702257"
provenance = "github-attestations"

[tools."github:suzuki-shunsuke/pinact"."platforms.macos-x64"]
checksum = "sha256:513678fdb0bb59b2742dd06d28f0ee851496a83ba939954009aa6be53f5aec9c"
url = "https://github.com/suzuki-shunsuke/pinact/releases/download/v4.1.1/pinact_darwin_amd64.tar.gz"
url_api = "https://api.github.com/repos/suzuki-shunsuke/pinact/releases/assets/494702250"
provenance = "github-attestations"

[tools."github:suzuki-shunsuke/pinact"."platforms.windows-x64"]
checksum = "sha256:88db480a3f8833d7233b482a72c97308df558ebceb0d3214775889239901f6a9"
url = "https://github.com/suzuki-shunsuke/pinact/releases/download/v4.1.1/pinact_windows_amd64.zip"
url_api = "https://api.github.com/repos/suzuki-shunsuke/pinact/releases/assets/494702288"
provenance = "github-attestations"

[[tools.node]]
version = "24.19.0"
backend = "core:node"

[tools.node."platforms.linux-arm64"]
checksum = "sha256:d28c8a5bf0a808f0ed434a1dce8c54ae98f0371c0bd86ac58abc613f73e6643f"
url = "https://nodejs.org/dist/v24.19.0/node-v24.19.0-linux-arm64.tar.gz"

[tools.node."platforms.linux-arm64-musl"]
checksum = "sha256:20824e4d35948fae5b337dccef47813b04d8995312f59df7386f2256d9f9ab7e"
url = "https://unofficial-builds.nodejs.org/download/release/v24.19.0/node-v24.19.0-linux-arm64-musl.tar.gz"

[tools.node."platforms.linux-x64"]
checksum = "sha256:f625d97cd707df4ff96254916fbc5ff014f09c09effe5a1e0ca8f6d41a8789d4"
url = "https://nodejs.org/dist/v24.19.0/node-v24.19.0-linux-x64.tar.gz"

[tools.node."platforms.linux-x64-musl"]
checksum = "sha256:c60223786df14a5d23e220ebb8e60318f5322640a62f90e6d9e54d3a18da532e"
url = "https://unofficial-builds.nodejs.org/download/release/v24.19.0/node-v24.19.0-linux-x64-musl.tar.gz"

[tools.node."platforms.macos-arm64"]
checksum = "sha256:8294b7aa9b03997481c06babf1e8b270c859358f27da57a11509afe537ac381d"
url = "https://nodejs.org/dist/v24.19.0/node-v24.19.0-darwin-arm64.tar.gz"

[tools.node."platforms.macos-x64"]
checksum = "sha256:d1b5e999db158c62fe8f7267a4476b035d8bd93b1a605bac24a3f0dd166e3316"
url = "https://nodejs.org/dist/v24.19.0/node-v24.19.0-darwin-x64.tar.gz"

[tools.node."platforms.windows-x64"]
checksum = "sha256:57f71ab3652e797d84acddc79c81cc9ff1c6ddb2a1974cdb83f00fee9bff4c73"
url = "https://nodejs.org/dist/v24.19.0/node-v24.19.0-win-x64.zip"

[[tools.pnpm]]
version = "11.27.1"
backend = "aqua:pnpm/pnpm"

[tools.pnpm."platforms.linux-arm64"]
checksum = "sha256:dbf8f84263d2bc696306d4219be68256d881d9af409345374d878676a7edcf0c"
url = "https://github.com/pnpm/pnpm/releases/download/v11.27.1/pnpm-linux-arm64.tar.gz"
url_api = "https://api.github.com/repos/pnpm/pnpm/releases/assets/577602580"
provenance = "github-attestations"

[tools.pnpm."platforms.linux-arm64-musl"]
checksum = "sha256:7a7854e90bdb7d339430d9943ea482b34d7bde817cfc1c749d3c04ddd464142d"
url = "https://github.com/pnpm/pnpm/releases/download/v11.27.1/pnpm-linux-arm64-musl.tar.gz"
url_api = "https://api.github.com/repos/pnpm/pnpm/releases/assets/577602583"
provenance = "github-attestations"

[tools.pnpm."platforms.linux-x64"]
checksum = "sha256:6be1426540406747b7731564a46c5b30d3023ea6c19e4ce99f994c4ec122f3d2"
url = "https://github.com/pnpm/pnpm/releases/download/v11.27.1/pnpm-linux-x64.tar.gz"
url_api = "https://api.github.com/repos/pnpm/pnpm/releases/assets/577602576"
provenance = "github-attestations"

[tools.pnpm."platforms.linux-x64-musl"]
checksum = "sha256:cc66c1558a1a03b320ff5b4022f755386fa1de54db3f97ff624112015be1ccf1"
url = "https://github.com/pnpm/pnpm/releases/download/v11.27.1/pnpm-linux-x64-musl.tar.gz"
url_api = "https://api.github.com/repos/pnpm/pnpm/releases/assets/577602579"
provenance = "github-attestations"

[tools.pnpm."platforms.macos-arm64"]
checksum = "sha256:352f67ceaaa5aba294a53f483da93c376005b4c7e785fe5411e0ce720fe74741"
url = "https://github.com/pnpm/pnpm/releases/download/v11.27.1/pnpm-darwin-arm64.tar.gz"
url_api = "https://api.github.com/repos/pnpm/pnpm/releases/assets/577602575"
provenance = "github-attestations"

[tools.pnpm."platforms.windows-x64"]
checksum = "sha256:4b56d1184c3390b08146060fa4b414b8ceec9164aa41bf996e87a0f0bc135851"
url = "https://github.com/pnpm/pnpm/releases/download/v11.27.1/pnpm-win32-x64.zip"
url_api = "https://api.github.com/repos/pnpm/pnpm/releases/assets/577602578"
provenance = "github-attestations"

[[tools.terraform]]
version = "1.16.3"
backend = "aqua:hashicorp/terraform"

[tools.terraform."platforms.linux-arm64"]
checksum = "sha256:b6b293550af7a6a7ffd867a04900ce161db86ec9407b234a636c2adbae2ca9f0"
url = "https://releases.hashicorp.com/terraform/1.16.3/terraform_1.16.3_linux_arm64.zip"

[tools.terraform."platforms.linux-arm64-musl"]
checksum = "sha256:b6b293550af7a6a7ffd867a04900ce161db86ec9407b234a636c2adbae2ca9f0"
url = "https://releases.hashicorp.com/terraform/1.16.3/terraform_1.16.3_linux_arm64.zip"

[tools.terraform."platforms.linux-x64"]
checksum = "sha256:093b6ae9a2228af5029c41606bc96eb583553528aad1bfe7e0b4d62fc91e25d8"
url = "https://releases.hashicorp.com/terraform/1.16.3/terraform_1.16.3_linux_amd64.zip"

[tools.terraform."platforms.linux-x64-musl"]
checksum = "sha256:093b6ae9a2228af5029c41606bc96eb583553528aad1bfe7e0b4d62fc91e25d8"
url = "https://releases.hashicorp.com/terraform/1.16.3/terraform_1.16.3_linux_amd64.zip"

[tools.terraform."platforms.macos-arm64"]
checksum = "sha256:c2c45425ea4568da9803e127e589186cb3798a5944d9aff5a5bc15dd18267560"
url = "https://releases.hashicorp.com/terraform/1.16.3/terraform_1.16.3_darwin_arm64.zip"

[tools.terraform."platforms.macos-x64"]
checksum = "sha256:1b933c61782390531374290309ada8406cd923647893c2f52b5dd838de23803a"
url = "https://releases.hashicorp.com/terraform/1.16.3/terraform_1.16.3_darwin_amd64.zip"

[tools.terraform."platforms.windows-x64"]
checksum = "sha256:6f908a90e5637afe72705290afd1cd71fc4f2877303ca77f05a8c6ead196b11c"
url = "https://releases.hashicorp.com/terraform/1.16.3/terraform_1.16.3_windows_amd64.zip"

[[tools.tflint]]
version = "0.55.1"
backend = "aqua:terraform-linters/tflint"

[tools.tflint."platforms.linux-arm64"]
checksum = "sha256:3d5d6e1e749ae1d46c153dd6fac358cdfa76df475de8f2660a91ff531021f93b"
url = "https://github.com/terraform-linters/tflint/releases/download/v0.55.1/tflint_linux_arm64.zip"
url_api = "https://api.github.com/repos/terraform-linters/tflint/releases/assets/225436204"
provenance = "github-attestations"

[tools.tflint."platforms.linux-arm64-musl"]
checksum = "sha256:3d5d6e1e749ae1d46c153dd6fac358cdfa76df475de8f2660a91ff531021f93b"
url = "https://github.com/terraform-linters/tflint/releases/download/v0.55.1/tflint_linux_arm64.zip"
url_api = "https://api.github.com/repos/terraform-linters/tflint/releases/assets/225436204"
provenance = "github-attestations"

[tools.tflint."platforms.linux-x64"]
checksum = "sha256:53379f38bc1e86c18885bfc85dc5fe2cd1f59729ae9a2afa16905189c1d67aa9"
url = "https://github.com/terraform-linters/tflint/releases/download/v0.55.1/tflint_linux_amd64.zip"
url_api = "https://api.github.com/repos/terraform-linters/tflint/releases/assets/225436197"
provenance = "github-attestations"

[tools.tflint."platforms.linux-x64-musl"]
checksum = "sha256:53379f38bc1e86c18885bfc85dc5fe2cd1f59729ae9a2afa16905189c1d67aa9"
url = "https://github.com/terraform-linters/tflint/releases/download/v0.55.1/tflint_linux_amd64.zip"
url_api = "https://api.github.com/repos/terraform-linters/tflint/releases/assets/225436197"
provenance = "github-attestations"

[tools.tflint."platforms.macos-arm64"]
checksum = "sha256:e1f9f843a7bc4cf9631b30e7d65beda6fd5e8013daa91d3a35e23c606a360e50"
url = "https://github.com/terraform-linters/tflint/releases/download/v0.55.1/tflint_darwin_arm64.zip"
url_api = "https://api.github.com/repos/terraform-linters/tflint/releases/assets/225436201"
provenance = "github-attestations"

[tools.tflint."platforms.macos-x64"]
checksum = "sha256:98b1c04030f24b98398413a3a82a9646cd607a958d07576f0151773a6ded30fc"
url = "https://github.com/terraform-linters/tflint/releases/download/v0.55.1/tflint_darwin_amd64.zip"
url_api = "https://api.github.com/repos/terraform-linters/tflint/releases/assets/225436198"
provenance = "github-attestations"

[tools.tflint."platforms.windows-x64"]
checksum = "sha256:667e8333eed843298ba1fd1120776784c0dacc17de25e253bc8a67b03adbe87d"
url = "https://github.com/terraform-linters/tflint/releases/download/v0.55.1/tflint_windows_amd64.zip"
url_api = "https://api.github.com/repos/terraform-linters/tflint/releases/assets/225436196"
provenance = "github-attestations"
